Microsoft Visual Studio Solution File, Format Version 12.00
# Visual Studio Version 17
VisualStudioVersion = 17.5.2.0
MinimumVisualStudioVersion = 10.0.40219.1
Project("{2150E333-8FDC-42A3-9474-1A3956D46DE8}") = "backend", "backend", "{1AE8ACA6-933B-BF2A-3671-3E2EAC007D16}"
EndProject
Project("{FAE04EC0-301F-11D3-BF4B-00C04F79EFBC}") = "ProductService", "backend\ProductService\ProductService.csproj", "{AF114C68-FBFE-08FF-0B15-A5FC8BAFD5E9}"
EndProject
Project("{FAE04EC0-301F-11D3-BF4B-00C04F79EFBC}") = "CartService", "backend\CartService\CartService.csproj", "{F8C78CA9-FA35-EC90-CBCC-B78542BBC047}"
EndProject
Project("{FAE04EC0-301F-11D3-BF4B-00C04F79EFBC}") = "ProfileService", "backend\ProfileService\ProfileService.csproj", "{A536AD18-1D62-5244-255D-B3E25C05FD9F}"
EndProject
Project("{FAE04EC0-301F-11D3-BF4B-00C04F79EFBC}") = "WalletService", "backend\WalletService\WalletService.csproj", "{1BD89B12-117F-38EC-1ECB-11B72965B142}"
EndProject
Project("{FAE04EC0-301F-11D3-BF4B-00C04F79EFBC}") = "OrderService", "backend\OrderService\OrderService.csproj", "{D9A1758E-C313-0842-1398-CB4A997C863D}"
EndProject
Global
	GlobalSection(SolutionConfigurationPlatforms) = preSolution
		Debug|Any CPU = Debug|Any CPU
		Release|Any CPU = Release|Any CPU
	EndGlobalSection
	GlobalSection(ProjectConfigurationPlatforms) = postSolution
		{AF114C68-FBFE-08FF-0B15-A5FC8BAFD5E9}.Debug|Any CPU.ActiveCfg = Debug|Any CPU
		{AF114C68-FBFE-08FF-0B15-A5FC8BAFD5E9}.Debug|Any CPU.Build.0 = Debug|Any CPU
		{AF114C68-FBFE-08FF-0B15-A5FC8BAFD5E9}.Release|Any CPU.ActiveCfg = Release|Any CPU
		{AF114C68-FBFE-08FF-0B15-A5FC8BAFD5E9}.Release|Any CPU.Build.0 = Release|Any CPU
		{F8C78CA9-FA35-EC90-CBCC-B78542BBC047}.Debug|Any CPU.ActiveCfg = Debug|Any CPU
		{F8C78CA9-FA35-EC90-CBCC-B78542BBC047}.Debug|Any CPU.Build.0 = Debug|Any CPU
		{F8C78CA9-FA35-EC90-CBCC-B78542BBC047}.Release|Any CPU.ActiveCfg = Release|Any CPU
		{F8C78CA9-FA35-EC90-CBCC-B78542BBC047}.Release|Any CPU.Build.0 = Release|Any CPU
		{A536AD18-1D62-5244-255D-B3E25C05FD9F}.Debug|Any CPU.ActiveCfg = Debug|Any CPU
		{A536AD18-1D62-5244-255D-B3E25C05FD9F}.Debug|Any CPU.Build.0 = Debug|Any CPU
		{A536AD18-1D62-5244-255D-B3E25C05FD9F}.Release|Any CPU.ActiveCfg = Release|Any CPU
		{A536AD18-1D62-5244-255D-B3E25C05FD9F}.Release|Any CPU.Build.0 = Release|Any CPU
		{1BD89B12-117F-38EC-1ECB-11B72965B142}.Debug|Any CPU.ActiveCfg = Debug|Any CPU
		{1BD89B12-117F-38EC-1ECB-11B72965B142}.Debug|Any CPU.Build.0 = Debug|Any CPU
		{1BD89B12-117F-38EC-1ECB-11B72965B142}.Release|Any CPU.ActiveCfg = Release|Any CPU
		{1BD89B12-117F-38EC-1ECB-11B72965B142}.Release|Any CPU.Build.0 = Release|Any CPU
		{D9A1758E-C313-0842-1398-CB4A997C863D}.Debug|Any CPU.ActiveCfg = Debug|Any CPU
		{D9A1758E-C313-0842-1398-CB4A997C863D}.Debug|Any CPU.Build.0 = Debug|Any CPU
		{D9A1758E-C313-0842-1398-CB4A997C863D}.Release|Any CPU.ActiveCfg = Release|Any CPU
		{D9A1758E-C313-0842-1398-CB4A997C863D}.Release|Any CPU.Build.0 = Release|Any CPU
	EndGlobalSection
	GlobalSection(SolutionProperties) = preSolution
		HideSolutionNode = FALSE
	EndGlobalSection
	GlobalSection(NestedProjects) = preSolution
		{AF114C68-FBFE-08FF-0B15-A5FC8BAFD5E9} = {1AE8ACA6-933B-BF2A-3671-3E2EAC007D16}
		{F8C78CA9-FA35-EC90-CBCC-B78542BBC047} = {1AE8ACA6-933B-BF2A-3671-3E2EAC007D16}
		{A536AD18-1D62-5244-255D-B3E25C05FD9F} = {1AE8ACA6-933B-BF2A-3671-3E2EAC007D16}
		{1BD89B12-117F-38EC-1ECB-11B72965B142} = {1AE8ACA6-933B-BF2A-3671-3E2EAC007D16}
		{D9A1758E-C313-0842-1398-CB4A997C863D} = {1AE8ACA6-933B-BF2A-3671-3E2EAC007D16}
	EndGlobalSection
	GlobalSection(ExtensibilityGlobals) = postSolution
		SolutionGuid = {77437B78-4CEE-4C93-9BB7-F2FA60C6B815}
	EndGlobalSection
EndGlobal
